
Microsoft Visual Studio Solution File, Format Version 12.00
# Visual Studio Version 17
VisualStudioVersion = 17.6.33723.286
MinimumVisualStudioVersion = 10.0.40219.1
Project("{9A19103F-16F7-4668-BE54-9A1E7A4F7556}") = "UniversityShopProject.Server", "UniversityShopProject\Server\UniversityShopProject.Server.csproj", "{AEC5861F-9C10-4F00-824B-AD82204BDA5E}"
EndProject
Project("{9A19103F-16F7-4668-BE54-9A1E7A4F7556}") = "UniversityShopProject.Client", "UniversityShopProject\Client\UniversityShopProject.Client.csproj", "{20F9B0E4-76C3-4CAB-87F9-F85D5E3E7FAD}"
EndProject
Project("{9A19103F-16F7-4668-BE54-9A1E7A4F7556}") = "UniversityShopProject.Shared", "UniversityShopProject\Shared\UniversityShopProject.Shared.csproj", "{CA928100-0306-455F-AA40-82E56C5339E8}"
EndProject
Project("{9A19103F-16F7-4668-BE54-9A1E7A4F7556}") = "UniversityShopProjectModels", "UniversityShopProjectModels\UniversityShopProjectModels.csproj", "{AB3C47E1-BA67-4BA5-A24E-A1B4DA171515}"
EndProject
Project("{9A19103F-16F7-4668-BE54-9A1E7A4F7556}") = "UniversityShopProjectRepository", "UniversityShopProjectRepository\UniversityShopProjectRepository.csproj", "{74AE06AF-FF34-478D-992B-C6A5944402B4}"
EndProject
Project("{9A19103F-16F7-4668-BE54-9A1E7A4F7556}") = "UniversityShopProjectServices", "UniversityShopProjectServices\UniversityShopProjectServices.csproj", "{9E2319E9-7F15-4435-9EC4-39725AC8B00E}"
EndProject
Global
	GlobalSection(SolutionConfigurationPlatforms) = preSolution
		Debug|Any CPU = Debug|Any CPU
		Release|Any CPU = Release|Any CPU
	EndGlobalSection
	GlobalSection(ProjectConfigurationPlatforms) = postSolution
		{AEC5861F-9C10-4F00-824B-AD82204BDA5E}.Debug|Any CPU.ActiveCfg = Debug|Any CPU
		{AEC5861F-9C10-4F00-824B-AD82204BDA5E}.Debug|Any CPU.Build.0 = Debug|Any CPU
		{AEC5861F-9C10-4F00-824B-AD82204BDA5E}.Release|Any CPU.ActiveCfg = Release|Any CPU
		{AEC5861F-9C10-4F00-824B-AD82204BDA5E}.Release|Any CPU.Build.0 = Release|Any CPU
		{20F9B0E4-76C3-4CAB-87F9-F85D5E3E7FAD}.Debug|Any CPU.ActiveCfg = Debug|Any CPU
		{20F9B0E4-76C3-4CAB-87F9-F85D5E3E7FAD}.Debug|Any CPU.Build.0 = Debug|Any CPU
		{20F9B0E4-76C3-4CAB-87F9-F85D5E3E7FAD}.Release|Any CPU.ActiveCfg = Release|Any CPU
		{20F9B0E4-76C3-4CAB-87F9-F85D5E3E7FAD}.Release|Any CPU.Build.0 = Release|Any CPU
		{CA928100-0306-455F-AA40-82E56C5339E8}.Debug|Any CPU.ActiveCfg = Debug|Any CPU
		{CA928100-0306-455F-AA40-82E56C5339E8}.Debug|Any CPU.Build.0 = Debug|Any CPU
		{CA928100-0306-455F-AA40-82E56C5339E8}.Release|Any CPU.ActiveCfg = Release|Any CPU
		{CA928100-0306-455F-AA40-82E56C5339E8}.Release|Any CPU.Build.0 = Release|Any CPU
		{AB3C47E1-BA67-4BA5-A24E-A1B4DA171515}.Debug|Any CPU.ActiveCfg = Debug|Any CPU
		{AB3C47E1-BA67-4BA5-A24E-A1B4DA171515}.Debug|Any CPU.Build.0 = Debug|Any CPU
		{AB3C47E1-BA67-4BA5-A24E-A1B4DA171515}.Release|Any CPU.ActiveCfg = Release|Any CPU
		{AB3C47E1-BA67-4BA5-A24E-A1B4DA171515}.Release|Any CPU.Build.0 = Release|Any CPU
		{74AE06AF-FF34-478D-992B-C6A5944402B4}.Debug|Any CPU.ActiveCfg = Debug|Any CPU
		{74AE06AF-FF34-478D-992B-C6A5944402B4}.Debug|Any CPU.Build.0 = Debug|Any CPU
		{74AE06AF-FF34-478D-992B-C6A5944402B4}.Release|Any CPU.ActiveCfg = Release|Any CPU
		{74AE06AF-FF34-478D-992B-C6A5944402B4}.Release|Any CPU.Build.0 = Release|Any CPU
		{9E2319E9-7F15-4435-9EC4-39725AC8B00E}.Debug|Any CPU.ActiveCfg = Debug|Any CPU
		{9E2319E9-7F15-4435-9EC4-39725AC8B00E}.Debug|Any CPU.Build.0 = Debug|Any CPU
		{9E2319E9-7F15-4435-9EC4-39725AC8B00E}.Release|Any CPU.ActiveCfg = Release|Any CPU
		{9E2319E9-7F15-4435-9EC4-39725AC8B00E}.Release|Any CPU.Build.0 = Release|Any CPU
	EndGlobalSection
	GlobalSection(SolutionProperties) = preSolution
		HideSolutionNode = FALSE
	EndGlobalSection
	GlobalSection(ExtensibilityGlobals) = postSolution
		SolutionGuid = {F42FBE5F-8121-4FA6-AA44-62E8F024B9F6}
	EndGlobalSection
EndGlobal
